
Microsoft Visual Studio Solution File, Format Version 12.00
# Visual Studio Version 16
VisualStudioVersion = 16.0.30114.105
MinimumVisualStudioVersion = 10.0.40219.1
Project("{FAE04EC0-301F-11D3-BF4B-00C04F79EFBC}") = "CoreHealthCheck.HealthCheckApiiDemo", "CoreHealthCheck.HealthCheckApiiDemo\CoreHealthCheck.HealthCheckApiiDemo.csproj", "{547D3F6D-E02F-414E-91E9-9639EBE6C5E8}"
EndProject
Global
	GlobalSection(SolutionConfigurationPlatforms) = preSolution
		Debug|Any CPU = Debug|Any CPU
		Release|Any CPU = Release|Any CPU
	EndGlobalSection
	GlobalSection(ProjectConfigurationPlatforms) = postSolution
		{547D3F6D-E02F-414E-91E9-9639EBE6C5E8}.Debug|Any CPU.ActiveCfg = Debug|Any CPU
		{547D3F6D-E02F-414E-91E9-9639EBE6C5E8}.Debug|Any CPU.Build.0 = Debug|Any CPU
		{547D3F6D-E02F-414E-91E9-9639EBE6C5E8}.Release|Any CPU.ActiveCfg = Release|Any CPU
		{547D3F6D-E02F-414E-91E9-9639EBE6C5E8}.Release|Any CPU.Build.0 = Release|Any CPU
	EndGlobalSection
	GlobalSection(SolutionProperties) = preSolution
		HideSolutionNode = FALSE
	EndGlobalSection
	GlobalSection(ExtensibilityGlobals) = postSolution
		SolutionGuid = {0D8F88C6-4524-4317-B943-A5F2B13A9F8F}
	EndGlobalSection
EndGlobal
